{
  "requires": true,
  "lockfileVersion": 1,
  "dependencies": {
    "@jlam55555-playground/npm-hello-world": {
      "version": "0.1.0",
      "resolved": "https://npm.pkg.github.com/download/@jlam55555-playground/npm-hello-world/0.1.0/0e9454afa61349ad1200657c6d11415cbbc077174b04c5eda3ef77c47926608c",
      "integrity": "sha512-wu3X8oG9VKeVD+EV/O7Og3tNl2uic2eomHDClTv3kbDCUzfUDJnUiSchYOcBfJgNXxXwW1J40YyYOm/5PEQ4Zw=="
    }
  }
}
