{
  "name": "npm-hello-world-consumer",
  "version": "1.0.0",
  "lockfileVersion": 1,
  "requires": true,
  "dependencies": {
    "@jlam55555-playground/npm-hello-world": {
      "version": "1.0.0",
      "resolved": "https://npm.pkg.github.com/download/@jlam55555-playground/npm-hello-world/1.0.0/eccd58d77c875bed3204fb3412b8441fbe34a9014285997ce85ed77c6fa75411",
      "integrity": "sha512-8sAPVT8d7iWgFSAiZU1msY5fQXAvzr40I8cjY8qxtSNGM+TqIA70Lyu9HDDBOM1tRsvni84uQ1lQr7MhsUo03w=="
    }
  }
}
